
Microsoft Visual Studio Solution File, Format Version 12.00
# Visual Studio Version 16
VisualStudioVersion = 16.0.30517.126
MinimumVisualStudioVersion = 10.0.40219.1
Project("{FAE04EC0-301F-11D3-BF4B-00C04F79EFBC}") = "kusanovicLenard1-6ponavljanje(5.zad)", "kusanovicLenard1-6ponavljanje(5.zad)\kusanovicLenard1-6ponavljanje(5.zad).csproj", "{FC60F744-A58F-472A-A63F-07DCB46C80CD}"
EndProject
Global
	GlobalSection(SolutionConfigurationPlatforms) = preSolution
		Debug|Any CPU = Debug|Any CPU
		Release|Any CPU = Release|Any CPU
	EndGlobalSection
	GlobalSection(ProjectConfigurationPlatforms) = postSolution
		{FC60F744-A58F-472A-A63F-07DCB46C80CD}.Debug|Any CPU.ActiveCfg = Debug|Any CPU
		{FC60F744-A58F-472A-A63F-07DCB46C80CD}.Debug|Any CPU.Build.0 = Debug|Any CPU
		{FC60F744-A58F-472A-A63F-07DCB46C80CD}.Release|Any CPU.ActiveCfg = Release|Any CPU
		{FC60F744-A58F-472A-A63F-07DCB46C80CD}.Release|Any CPU.Build.0 = Release|Any CPU
	EndGlobalSection
	GlobalSection(SolutionProperties) = preSolution
		HideSolutionNode = FALSE
	EndGlobalSection
	GlobalSection(ExtensibilityGlobals) = postSolution
		SolutionGuid = {B0793770-D639-4707-BE35-91E255F4FEF6}
	EndGlobalSection
EndGlobal
