
Microsoft Visual Studio Solution File, Format Version 12.00
# Visual Studio Version 16
VisualStudioVersion = 16.0.30517.126
MinimumVisualStudioVersion = 10.0.40219.1
Project("{FAE04EC0-301F-11D3-BF4B-00C04F79EFBC}") = "kusanovicLenard1-6ponavljanje", "kusanovicLenard1-6ponavljanje\kusanovicLenard1-6ponavljanje.csproj", "{8AD92724-94ED-478B-91EF-418A056DDD16}"
EndProject
Global
	GlobalSection(SolutionConfigurationPlatforms) = preSolution
		Debug|Any CPU = Debug|Any CPU
		Release|Any CPU = Release|Any CPU
	EndGlobalSection
	GlobalSection(ProjectConfigurationPlatforms) = postSolution
		{8AD92724-94ED-478B-91EF-418A056DDD16}.Debug|Any CPU.ActiveCfg = Debug|Any CPU
		{8AD92724-94ED-478B-91EF-418A056DDD16}.Debug|Any CPU.Build.0 = Debug|Any CPU
		{8AD92724-94ED-478B-91EF-418A056DDD16}.Release|Any CPU.ActiveCfg = Release|Any CPU
		{8AD92724-94ED-478B-91EF-418A056DDD16}.Release|Any CPU.Build.0 = Release|Any CPU
	EndGlobalSection
	GlobalSection(SolutionProperties) = preSolution
		HideSolutionNode = FALSE
	EndGlobalSection
	GlobalSection(ExtensibilityGlobals) = postSolution
		SolutionGuid = {588F3389-E269-4A34-8D79-B9E4FE472456}
	EndGlobalSection
EndGlobal
